
Microsoft Visual Studio Solution File, Format Version 12.00
# Visual Studio Version 17
VisualStudioVersion = 17.0.31717.71
MinimumVisualStudioVersion = 10.0.40219.1
Project("{FAE04EC0-301F-11D3-BF4B-00C04F79EFBC}") = "ArangoDemo", "ArangoDemo\ArangoDemo.csproj", "{E91A681C-F138-4086-B88E-C958138B7186}"
EndProject
Project("{FAE04EC0-301F-11D3-BF4B-00C04F79EFBC}") = "ArangoConnect", "ArangoConnect\ArangoConnect.csproj", "{48EBBACF-31C7-40E9-BF65-DD939BB86197}"
EndProject
Project("{2150E333-8FDC-42A3-9474-1A3956D46DE8}") = "_Shared", "_Shared", "{1E1684D6-71D9-42A5-805F-79E297CA1DE8}"
EndProject
Project("{FAE04EC0-301F-11D3-BF4B-00C04F79EFBC}") = "ArangoGraphDemo", "ArangoGraphDemo\ArangoGraphDemo.csproj", "{1AB9A84F-6FA2-467A-863B-B9A4D0C89BD5}"
EndProject
Global
	GlobalSection(SolutionConfigurationPlatforms) = preSolution
		Debug|Any CPU = Debug|Any CPU
		Release|Any CPU = Release|Any CPU
	EndGlobalSection
	GlobalSection(ProjectConfigurationPlatforms) = postSolution
		{E91A681C-F138-4086-B88E-C958138B7186}.Debug|Any CPU.ActiveCfg = Debug|Any CPU
		{E91A681C-F138-4086-B88E-C958138B7186}.Debug|Any CPU.Build.0 = Debug|Any CPU
		{E91A681C-F138-4086-B88E-C958138B7186}.Release|Any CPU.ActiveCfg = Release|Any CPU
		{E91A681C-F138-4086-B88E-C958138B7186}.Release|Any CPU.Build.0 = Release|Any CPU
		{48EBBACF-31C7-40E9-BF65-DD939BB86197}.Debug|Any CPU.ActiveCfg = Debug|Any CPU
		{48EBBACF-31C7-40E9-BF65-DD939BB86197}.Debug|Any CPU.Build.0 = Debug|Any CPU
		{48EBBACF-31C7-40E9-BF65-DD939BB86197}.Release|Any CPU.ActiveCfg = Release|Any CPU
		{48EBBACF-31C7-40E9-BF65-DD939BB86197}.Release|Any CPU.Build.0 = Release|Any CPU
		{1AB9A84F-6FA2-467A-863B-B9A4D0C89BD5}.Debug|Any CPU.ActiveCfg = Debug|Any CPU
		{1AB9A84F-6FA2-467A-863B-B9A4D0C89BD5}.Debug|Any CPU.Build.0 = Debug|Any CPU
		{1AB9A84F-6FA2-467A-863B-B9A4D0C89BD5}.Release|Any CPU.ActiveCfg = Release|Any CPU
		{1AB9A84F-6FA2-467A-863B-B9A4D0C89BD5}.Release|Any CPU.Build.0 = Release|Any CPU
	EndGlobalSection
	GlobalSection(SolutionProperties) = preSolution
		HideSolutionNode = FALSE
	EndGlobalSection
	GlobalSection(NestedProjects) = preSolution
		{48EBBACF-31C7-40E9-BF65-DD939BB86197} = {1E1684D6-71D9-42A5-805F-79E297CA1DE8}
	EndGlobalSection
	GlobalSection(ExtensibilityGlobals) = postSolution
		SolutionGuid = {B502073F-A4C6-43E6-B630-6D7D4C3C4D7B}
	EndGlobalSection
EndGlobal
